// !$*UTF8*$!
{
	archiveVersion = 1;
	classes = {
	};
	objectVersion = 46;
	objects = {

/* Begin PBXBuildFile section */
		BE1DB5D51514184000B26092 /* MMSpanTests.m in Sources */ = {isa = PBXBuildFile; fileRef = BE1DB5D41514184000B26092 /* MMSpanTests.m */; };
		BE1DB5DA15143F4200B26092 /* MMBlockTests.m in Sources */ = {isa = PBXBuildFile; fileRef = BE1DB5D915143F4200B26092 /* MMBlockTests.m */; };
		BE1DB5DD1515033000B26092 /* MMLinkTests.m in Sources */ = {isa = PBXBuildFile; fileRef = BE1DB5DC1515032F00B26092 /* MMLinkTests.m */; };
		BE6CA530158179670083887C /* MMHTMLParser.h in Headers */ = {isa = PBXBuildFile; fileRef = BE6CA52E158179670083887C /* MMHTMLParser.h */; };
		BE6CA531158179670083887C /* MMHTMLParser.h in Headers */ = {isa = PBXBuildFile; fileRef = BE6CA52E158179670083887C /* MMHTMLParser.h */; };
		BE6CA532158179670083887C /* MMHTMLParser.m in Sources */ = {isa = PBXBuildFile; fileRef = BE6CA52F158179670083887C /* MMHTMLParser.m */; };
		BE6CA533158179670083887C /* MMHTMLParser.m in Sources */ = {isa = PBXBuildFile; fileRef = BE6CA52F158179670083887C /* MMHTMLParser.m */; };
		BE813DE414F893EB00EC9469 /* MMMarkdown.m in Sources */ = {isa = PBXBuildFile; fileRef = BE813DE314F893EB00EC9469 /* MMMarkdown.m */; };
		BE813DEC14F893EB00EC9469 /* SenTestingKit.framework in Frameworks */ = {isa = PBXBuildFile; fileRef = BE813DEB14F893EB00EC9469 /* SenTestingKit.framework */; };
		BE813DF014F893EB00EC9469 /* libMMMarkdown-Mac.a in Frameworks */ = {isa = PBXBuildFile; fileRef = BE813DD614F893EB00EC9469 /* libMMMarkdown-Mac.a */; };
		BE813DF614F893EB00EC9469 /* InfoPlist.strings in Resources */ = {isa = PBXBuildFile; fileRef = BE813DF414F893EB00EC9469 /* InfoPlist.strings */; };
		BE813DF914F893EB00EC9469 /* MMMarkdownTests.m in Sources */ = {isa = PBXBuildFile; fileRef = BE813DF814F893EB00EC9469 /* MMMarkdownTests.m */; };
		BE813E0814F8961D00EC9469 /* MMMarkdown.m in Sources */ = {isa = PBXBuildFile; fileRef = BE813DE314F893EB00EC9469 /* MMMarkdown.m */; };
		BE813E1514F92B6100EC9469 /* Foundation.framework in Frameworks */ = {isa = PBXBuildFile; fileRef = BE813DDE14F893EB00EC9469 /* Foundation.framework */; };
		BE813E1814F92B6200EC9469 /* main.m in Sources */ = {isa = PBXBuildFile; fileRef = BE813E1714F92B6100EC9469 /* main.m */; };
		BE813E2014F92BF600EC9469 /* libMMMarkdown-Mac.a in Frameworks */ = {isa = PBXBuildFile; fileRef = BE813DD614F893EB00EC9469 /* libMMMarkdown-Mac.a */; };
		BE813E7114F941AD00EC9469 /* Foundation.framework in Frameworks */ = {isa = PBXBuildFile; fileRef = BE813DDE14F893EB00EC9469 /* Foundation.framework */; };
		BE813E7414F959BC00EC9469 /* MMElement.h in Headers */ = {isa = PBXBuildFile; fileRef = BE813E7214F959BC00EC9469 /* MMElement.h */; };
		BE813E7514F959BC00EC9469 /* MMElement.h in Headers */ = {isa = PBXBuildFile; fileRef = BE813E7214F959BC00EC9469 /* MMElement.h */; };
		BE813E7614F959BC00EC9469 /* MMElement.m in Sources */ = {isa = PBXBuildFile; fileRef = BE813E7314F959BC00EC9469 /* MMElement.m */; };
		BE813E7714F959BC00EC9469 /* MMElement.m in Sources */ = {isa = PBXBuildFile; fileRef = BE813E7314F959BC00EC9469 /* MMElement.m */; };
		BE813E7A14F95B2A00EC9469 /* MMParser.h in Headers */ = {isa = PBXBuildFile; fileRef = BE813E7814F95B2A00EC9469 /* MMParser.h */; };
		BE813E7B14F95B2A00EC9469 /* MMParser.h in Headers */ = {isa = PBXBuildFile; fileRef = BE813E7814F95B2A00EC9469 /* MMParser.h */; };
		BE813E7C14F95B2A00EC9469 /* MMParser.m in Sources */ = {isa = PBXBuildFile; fileRef = BE813E7914F95B2A00EC9469 /* MMParser.m */; };
		BE813E7D14F95B2A00EC9469 /* MMParser.m in Sources */ = {isa = PBXBuildFile; fileRef = BE813E7914F95B2A00EC9469 /* MMParser.m */; };
		BE813E8014F95FD400EC9469 /* MMDocument.h in Headers */ = {isa = PBXBuildFile; fileRef = BE813E7E14F95FD300EC9469 /* MMDocument.h */; };
		BE813E8114F95FD400EC9469 /* MMDocument.h in Headers */ = {isa = PBXBuildFile; fileRef = BE813E7E14F95FD300EC9469 /* MMDocument.h */; };
		BE813E8214F95FD400EC9469 /* MMDocument.m in Sources */ = {isa = PBXBuildFile; fileRef = BE813E7F14F95FD300EC9469 /* MMDocument.m */; };
		BE813E8314F95FD400EC9469 /* MMDocument.m in Sources */ = {isa = PBXBuildFile; fileRef = BE813E7F14F95FD300EC9469 /* MMDocument.m */; };
		BE813E8614F9602500EC9469 /* MMGenerator.h in Headers */ = {isa = PBXBuildFile; fileRef = BE813E8414F9602400EC9469 /* MMGenerator.h */; };
		BE813E8714F9602500EC9469 /* MMGenerator.h in Headers */ = {isa = PBXBuildFile; fileRef = BE813E8414F9602400EC9469 /* MMGenerator.h */; };
		BE813E8814F9602500EC9469 /* MMGenerator.m in Sources */ = {isa = PBXBuildFile; fileRef = BE813E8514F9602500EC9469 /* MMGenerator.m */; };
		BE813E8914F9602500EC9469 /* MMGenerator.m in Sources */ = {isa = PBXBuildFile; fileRef = BE813E8514F9602500EC9469 /* MMGenerator.m */; };
		BE813E8C14F9658600EC9469 /* MMDocument_Private.h in Headers */ = {isa = PBXBuildFile; fileRef = BE813E8A14F9658600EC9469 /* MMDocument_Private.h */; };
		BE813E8D14F9658600EC9469 /* MMDocument_Private.h in Headers */ = {isa = PBXBuildFile; fileRef = BE813E8A14F9658600EC9469 /* MMDocument_Private.h */; };
		BE813E9214FACF0D00EC9469 /* MMScanner.h in Headers */ = {isa = PBXBuildFile; fileRef = BE813E9014FACF0C00EC9469 /* MMScanner.h */; };
		BE813E9314FACF0D00EC9469 /* MMScanner.h in Headers */ = {isa = PBXBuildFile; fileRef = BE813E9014FACF0C00EC9469 /* MMScanner.h */; };
		BE813E9414FACF0D00EC9469 /* MMScanner.m in Sources */ = {isa = PBXBuildFile; fileRef = BE813E9114FACF0C00EC9469 /* MMScanner.m */; };
		BE813E9514FACF0D00EC9469 /* MMScanner.m in Sources */ = {isa = PBXBuildFile; fileRef = BE813E9114FACF0C00EC9469 /* MMScanner.m */; };
		BE813E981502E78900EC9469 /* MMTestCase.m in Sources */ = {isa = PBXBuildFile; fileRef = BE813E971502E78700EC9469 /* MMTestCase.m */; };
		BE813E9B15031B4000EC9469 /* MMListTests.m in Sources */ = {isa = PBXBuildFile; fileRef = BE813E9A15031B4000EC9469 /* MMListTests.m */; };
		BE813E9E1503C14300EC9469 /* MMEscapingTests.m in Sources */ = {isa = PBXBuildFile; fileRef = BE813E9D1503C14200EC9469 /* MMEscapingTests.m */; };
		BEA3FB6217B1852200E9D18C /* MMMarkdown.h in Headers */ = {isa = PBXBuildFile; fileRef = BE813DE214F893EB00EC9469 /* MMMarkdown.h */; settings = {ATTRIBUTES = (Public, ); }; };
		BEAAEB431549DD1700EF1EA0 /* MMImageTests.m in Sources */ = {isa = PBXBuildFile; fileRef = BEAAEB421549DD1700EF1EA0 /* MMImageTests.m */; };
		BEAAEB62154A4A1D00EF1EA0 /* MMErrorTests.m in Sources */ = {isa = PBXBuildFile; fileRef = BEAAEB5E154A49B500EF1EA0 /* MMErrorTests.m */; };
		BEAAEBE31554E8A400EF1EA0 /* Amps and angle encoding.html in CopyFiles */ = {isa = PBXBuildFile; fileRef = BE813E2414F93D8700EC9469 /* Amps and angle encoding.html */; };
		BEAAEBE41554E8A400EF1EA0 /* Amps and angle encoding.text in CopyFiles */ = {isa = PBXBuildFile; fileRef = BE813E2514F93D8700EC9469 /* Amps and angle encoding.text */; };
		BEAAEBE51554E8A400EF1EA0 /* Auto links.html in CopyFiles */ = {isa = PBXBuildFile; fileRef = BE813E2614F93D8700EC9469 /* Auto links.html */; };
		BEAAEBE61554E8A400EF1EA0 /* Auto links.text in CopyFiles */ = {isa = PBXBuildFile; fileRef = BE813E2714F93D8700EC9469 /* Auto links.text */; };
		BEAAEBE71554E8A400EF1EA0 /* Backslash escapes.html in CopyFiles */ = {isa = PBXBuildFile; fileRef = BE813E2814F93D8700EC9469 /* Backslash escapes.html */; };
		BEAAEBE81554E8A400EF1EA0 /* Backslash escapes.text in CopyFiles */ = {isa = PBXBuildFile; fileRef = BE813E2914F93D8700EC9469 /* Backslash escapes.text */; };
		BEAAEBE91554E8A400EF1EA0 /* Blockquotes with code blocks.html in CopyFiles */ = {isa = PBXBuildFile; fileRef = BE813E2A14F93D8700EC9469 /* Blockquotes with code blocks.html */; };
		BEAAEBEA1554E8A400EF1EA0 /* Blockquotes with code blocks.text in CopyFiles */ = {isa = PBXBuildFile; fileRef = BE813E2B14F93D8700EC9469 /* Blockquotes with code blocks.text */; };
		BEAAEBEB1554E8A400EF1EA0 /* Hard-wrapped paragraphs with list-like lines.html in CopyFiles */ = {isa = PBXBuildFile; fileRef = BE813E2C14F93D8700EC9469 /* Hard-wrapped paragraphs with list-like lines.html */; };
		BEAAEBEC1554E8A400EF1EA0 /* Hard-wrapped paragraphs with list-like lines.text in CopyFiles */ = {isa = PBXBuildFile; fileRef = BE813E2D14F93D8700EC9469 /* Hard-wrapped paragraphs with list-like lines.text */; };
		BEAAEBED1554E8A400EF1EA0 /* Horizontal rules.html in CopyFiles */ = {isa = PBXBuildFile; fileRef = BE813E2E14F93D8700EC9469 /* Horizontal rules.html */; };
		BEAAEBEE1554E8A400EF1EA0 /* Horizontal rules.text in CopyFiles */ = {isa = PBXBuildFile; fileRef = BE813E2F14F93D8700EC9469 /* Horizontal rules.text */; };
		BEAAEBEF1554E8A400EF1EA0 /* Inline HTML (Advanced).html in CopyFiles */ = {isa = PBXBuildFile; fileRef = BE813E3014F93D8700EC9469 /* Inline HTML (Advanced).html */; };
		BEAAEBF01554E8A400EF1EA0 /* Inline HTML (Advanced).text in CopyFiles */ = {isa = PBXBuildFile; fileRef = BE813E3114F93D8700EC9469 /* Inline HTML (Advanced).text */; };
		BEAAEBF11554E8A400EF1EA0 /* Inline HTML (Simple).html in CopyFiles */ = {isa = PBXBuildFile; fileRef = BE813E3214F93D8700EC9469 /* Inline HTML (Simple).html */; };
		BEAAEBF21554E8A400EF1EA0 /* Inline HTML (Simple).text in CopyFiles */ = {isa = PBXBuildFile; fileRef = BE813E3314F93D8700EC9469 /* Inline HTML (Simple).text */; };
		BEAAEBF31554E8A400EF1EA0 /* Inline HTML comments.html in CopyFiles */ = {isa = PBXBuildFile; fileRef = BE813E3414F93D8700EC9469 /* Inline HTML comments.html */; };
		BEAAEBF41554E8A400EF1EA0 /* Inline HTML comments.text in CopyFiles */ = {isa = PBXBuildFile; fileRef = BE813E3514F93D8700EC9469 /* Inline HTML comments.text */; };
		BEAAEBF51554E8A400EF1EA0 /* Links, inline style.html in CopyFiles */ = {isa = PBXBuildFile; fileRef = BE813E3614F93D8700EC9469 /* Links, inline style.html */; };
		BEAAEBF61554E8A400EF1EA0 /* Links, inline style.text in CopyFiles */ = {isa = PBXBuildFile; fileRef = BE813E3714F93D8700EC9469 /* Links, inline style.text */; };
		BEAAEBF71554E8A400EF1EA0 /* Links, reference style.html in CopyFiles */ = {isa = PBXBuildFile; fileRef = BE813E3814F93D8700EC9469 /* Links, reference style.html */; };
		BEAAEBF81554E8A400EF1EA0 /* Links, reference style.text in CopyFiles */ = {isa = PBXBuildFile; fileRef = BE813E3914F93D8700EC9469 /* Links, reference style.text */; };
		BEAAEBF91554E8A400EF1EA0 /* Literal quotes in titles.html in CopyFiles */ = {isa = PBXBuildFile; fileRef = BE813E3A14F93D8700EC9469 /* Literal quotes in titles.html */; };
		BEAAEBFA1554E8A400EF1EA0 /* Literal quotes in titles.text in CopyFiles */ = {isa = PBXBuildFile; fileRef = BE813E3B14F93D8700EC9469 /* Literal quotes in titles.text */; };
		BEAAEBFB1554E8A400EF1EA0 /* Markdown Documentation - Basics.html in CopyFiles */ = {isa = PBXBuildFile; fileRef = BE813E3C14F93D8700EC9469 /* Markdown Documentation - Basics.html */; };
		BEAAEBFC1554E8A400EF1EA0 /* Markdown Documentation - Basics.text in CopyFiles */ = {isa = PBXBuildFile; fileRef = BE813E3D14F93D8700EC9469 /* Markdown Documentation - Basics.text */; };
		BEAAEBFD1554E8A400EF1EA0 /* Markdown Documentation - Syntax.html in CopyFiles */ = {isa = PBXBuildFile; fileRef = BE813E3E14F93D8700EC9469 /* Markdown Documentation - Syntax.html */; };
		BEAAEBFE1554E8A400EF1EA0 /* Markdown Documentation - Syntax.text in CopyFiles */ = {isa = PBXBuildFile; fileRef = BE813E3F14F93D8700EC9469 /* Markdown Documentation - Syntax.text */; };
		BEAAEBFF1554E8A400EF1EA0 /* Nested blockquotes.html in CopyFiles */ = {isa = PBXBuildFile; fileRef = BE813E4014F93D8700EC9469 /* Nested blockquotes.html */; };
		BEAAEC001554E8A400EF1EA0 /* Nested blockquotes.text in CopyFiles */ = {isa = PBXBuildFile; fileRef = BE813E4114F93D8700EC9469 /* Nested blockquotes.text */; };
		BEAAEC011554E8A400EF1EA0 /* Ordered and unordered lists.html in CopyFiles */ = {isa = PBXBuildFile; fileRef = BE813E4214F93D8700EC9469 /* Ordered and unordered lists.html */; };
		BEAAEC021554E8A400EF1EA0 /* Ordered and unordered lists.text in CopyFiles */ = {isa = PBXBuildFile; fileRef = BE813E4314F93D8700EC9469 /* Ordered and unordered lists.text */; };
		BEAAEC031554E8A400EF1EA0 /* Strong and em together.html in CopyFiles */ = {isa = PBXBuildFile; fileRef = BE813E4414F93D8700EC9469 /* Strong and em together.html */; };
		BEAAEC041554E8A400EF1EA0 /* Strong and em together.text in CopyFiles */ = {isa = PBXBuildFile; fileRef = BE813E4514F93D8700EC9469 /* Strong and em together.text */; };
		BEAAEC051554E8A400EF1EA0 /* Tabs.html in CopyFiles */ = {isa = PBXBuildFile; fileRef = BE813E4614F93D8700EC9469 /* Tabs.html */; };
		BEAAEC061554E8A400EF1EA0 /* Tabs.text in CopyFiles */ = {isa = PBXBuildFile; fileRef = BE813E4714F93D8700EC9469 /* Tabs.text */; };
		BEAAEC071554E8A400EF1EA0 /* Tidyness.html in CopyFiles */ = {isa = PBXBuildFile; fileRef = BE813E4814F93D8700EC9469 /* Tidyness.html */; };
		BEAAEC081554E8A400EF1EA0 /* Tidyness.text in CopyFiles */ = {isa = PBXBuildFile; fileRef = BE813E4914F93D8700EC9469 /* Tidyness.text */; };
		BEAAEC0A1554E8F000EF1EA0 /* Backslash escapes.html in CopyFiles */ = {isa = PBXBuildFile; fileRef = BEAAEB9E1554E77600EF1EA0 /* Backslash escapes.html */; };
		BEAAEC0B1554E8F000EF1EA0 /* Backslash escapes.text in CopyFiles */ = {isa = PBXBuildFile; fileRef = BEAAEB9F1554E77600EF1EA0 /* Backslash escapes.text */; };
		BEAAEC0C1554E8F000EF1EA0 /* Code block in a list item.html in CopyFiles */ = {isa = PBXBuildFile; fileRef = BEAAEBA01554E77600EF1EA0 /* Code block in a list item.html */; };
		BEAAEC0D1554E8F000EF1EA0 /* Code block in a list item.text in CopyFiles */ = {isa = PBXBuildFile; fileRef = BEAAEBA11554E77600EF1EA0 /* Code block in a list item.text */; };
		BEAAEC0E1554E8F000EF1EA0 /* Code Spans.html in CopyFiles */ = {isa = PBXBuildFile; fileRef = BEAAEBA21554E77600EF1EA0 /* Code Spans.html */; };
		BEAAEC0F1554E8F000EF1EA0 /* Code Spans.text in CopyFiles */ = {isa = PBXBuildFile; fileRef = BEAAEBA31554E77600EF1EA0 /* Code Spans.text */; };
		BEAAEC101554E8F100EF1EA0 /* Email auto links.html in CopyFiles */ = {isa = PBXBuildFile; fileRef = BEAAEBA41554E77600EF1EA0 /* Email auto links.html */; };
		BEAAEC111554E8F100EF1EA0 /* Email auto links.text in CopyFiles */ = {isa = PBXBuildFile; fileRef = BEAAEBA51554E77600EF1EA0 /* Email auto links.text */; };
		BEAAEC121554E8F100EF1EA0 /* Emphasis.html in CopyFiles */ = {isa = PBXBuildFile; fileRef = BEAAEBA61554E77600EF1EA0 /* Emphasis.html */; };
		BEAAEC131554E8F100EF1EA0 /* Emphasis.text in CopyFiles */ = {isa = PBXBuildFile; fileRef = BEAAEBA71554E77600EF1EA0 /* Emphasis.text */; };
		BEAAEC141554E8F100EF1EA0 /* Headers.html in CopyFiles */ = {isa = PBXBuildFile; fileRef = BEAAEBA81554E77600EF1EA0 /* Headers.html */; };
		BEAAEC151554E8F100EF1EA0 /* Headers.text in CopyFiles */ = {isa = PBXBuildFile; fileRef = BEAAEBA91554E77600EF1EA0 /* Headers.text */; };
		BEAAEC161554E8F100EF1EA0 /* Images (Untitled).html in CopyFiles */ = {isa = PBXBuildFile; fileRef = BEAAEBAA1554E77600EF1EA0 /* Images (Untitled).html */; };
		BEAAEC171554E8F100EF1EA0 /* Images (Untitled).text in CopyFiles */ = {isa = PBXBuildFile; fileRef = BEAAEBAB1554E77600EF1EA0 /* Images (Untitled).text */; };
		BEAAEC181554E8F100EF1EA0 /* Inline HTML (Simple).html in CopyFiles */ = {isa = PBXBuildFile; fileRef = BEAAEBAC1554E77600EF1EA0 /* Inline HTML (Simple).html */; };
		BEAAEC191554E8F100EF1EA0 /* Inline HTML (Simple).text in CopyFiles */ = {isa = PBXBuildFile; fileRef = BEAAEBAD1554E77600EF1EA0 /* Inline HTML (Simple).text */; };
		BEAAEC1A1554E8F100EF1EA0 /* Inline HTML (Span).html in CopyFiles */ = {isa = PBXBuildFile; fileRef = BEAAEBAE1554E77600EF1EA0 /* Inline HTML (Span).html */; };
		BEAAEC1B1554E8F100EF1EA0 /* Inline HTML (Span).text in CopyFiles */ = {isa = PBXBuildFile; fileRef = BEAAEBAF1554E77600EF1EA0 /* Inline HTML (Span).text */; };
		BEAAEC1C1554E8F100EF1EA0 /* Inline HTML comments.html in CopyFiles */ = {isa = PBXBuildFile; fileRef = BEAAEBB01554E77600EF1EA0 /* Inline HTML comments.html */; };
		BEAAEC1D1554E8F100EF1EA0 /* Inline HTML comments.text in CopyFiles */ = {isa = PBXBuildFile; fileRef = BEAAEBB11554E77600EF1EA0 /* Inline HTML comments.text */; };
		BEAAEC1E1554E8F100EF1EA0 /* Ins & del.html in CopyFiles */ = {isa = PBXBuildFile; fileRef = BEAAEBB21554E77600EF1EA0 /* Ins & del.html */; };
		BEAAEC1F1554E8F100EF1EA0 /* Ins & del.text in CopyFiles */ = {isa = PBXBuildFile; fileRef = BEAAEBB31554E77600EF1EA0 /* Ins & del.text */; };
		BEAAEC201554E8F100EF1EA0 /* Links, inline style.html in CopyFiles */ = {isa = PBXBuildFile; fileRef = BEAAEBB41554E77600EF1EA0 /* Links, inline style.html */; };
		BEAAEC211554E8F100EF1EA0 /* Links, inline style.text in CopyFiles */ = {isa = PBXBuildFile; fileRef = BEAAEBB51554E77600EF1EA0 /* Links, inline style.text */; };
		BEAAEC221554E8F100EF1EA0 /* MD5 Hashes.html in CopyFiles */ = {isa = PBXBuildFile; fileRef = BEAAEBB61554E77600EF1EA0 /* MD5 Hashes.html */; };
		BEAAEC231554E8F100EF1EA0 /* MD5 Hashes.text in CopyFiles */ = {isa = PBXBuildFile; fileRef = BEAAEBB71554E77600EF1EA0 /* MD5 Hashes.text */; };
		BEAAEC241554E8F100EF1EA0 /* Nesting.html in CopyFiles */ = {isa = PBXBuildFile; fileRef = BEAAEBB81554E77600EF1EA0 /* Nesting.html */; };
		BEAAEC251554E8F100EF1EA0 /* Nesting.text in CopyFiles */ = {isa = PBXBuildFile; fileRef = BEAAEBB91554E77600EF1EA0 /* Nesting.text */; };
		BEAAEC261554E8F100EF1EA0 /* Parens in URL.html in CopyFiles */ = {isa = PBXBuildFile; fileRef = BEAAEBBA1554E77600EF1EA0 /* Parens in URL.html */; };
		BEAAEC271554E8F100EF1EA0 /* Parens in URL.text in CopyFiles */ = {isa = PBXBuildFile; fileRef = BEAAEBBB1554E77600EF1EA0 /* Parens in URL.text */; };
		BEAAEC281554E8F100EF1EA0 /* PHP-Specific Bugs.html in CopyFiles */ = {isa = PBXBuildFile; fileRef = BEAAEBBC1554E77600EF1EA0 /* PHP-Specific Bugs.html */; };
		BEAAEC291554E8F100EF1EA0 /* PHP-Specific Bugs.text in CopyFiles */ = {isa = PBXBuildFile; fileRef = BEAAEBBD1554E77600EF1EA0 /* PHP-Specific Bugs.text */; };
		BEAAEC2A1554E8F100EF1EA0 /* Tight blocks.html in CopyFiles */ = {isa = PBXBuildFile; fileRef = BEAAEBBE1554E77600EF1EA0 /* Tight blocks.html */; };
		BEAAEC2B1554E8F100EF1EA0 /* Tight blocks.text in CopyFiles */ = {isa = PBXBuildFile; fileRef = BEAAEBBF1554E77600EF1EA0 /* Tight blocks.text */; };
		BEAAEC2E1554E93800EF1EA0 /* MMPHPMarkdownTests.m in Sources */ = {isa = PBXBuildFile; fileRef = BEAAEC2D1554E93700EF1EA0 /* MMPHPMarkdownTests.m */; };
		BEDDD54A1544E42200EA7D65 /* MMHTMLTests.m in Sources */ = {isa = PBXBuildFile; fileRef = BEDDD5491544E42200EA7D65 /* MMHTMLTests.m */; };
		BEF3421C150CEA6D00BFA0E2 /* MMSpanParser.h in Headers */ = {isa = PBXBuildFile; fileRef = BEF3421A150CEA6D00BFA0E2 /* MMSpanParser.h */; };
		BEF3421D150CEA6D00BFA0E2 /* MMSpanParser.h in Headers */ = {isa = PBXBuildFile; fileRef = BEF3421A150CEA6D00BFA0E2 /* MMSpanParser.h */; };
		BEF3421E150CEA6D00BFA0E2 /* MMSpanParser.m in Sources */ = {isa = PBXBuildFile; fileRef = BEF3421B150CEA6D00BFA0E2 /* MMSpanParser.m */; };
		BEF3421F150CEA6D00BFA0E2 /* MMSpanParser.m in Sources */ = {isa = PBXBuildFile; fileRef = BEF3421B150CEA6D00BFA0E2 /* MMSpanParser.m */; };
/* End PBXBuildFile section */

/* Begin PBXContainerItemProxy section */
		BE813DEE14F893EB00EC9469 /* PBXContainerItemProxy */ = {
			isa = PBXContainerItemProxy;
			containerPortal = BE813DCD14F893EB00EC9469 /* Project object */;
			proxyType = 1;
			remoteGlobalIDString = BE813DD514F893EB00EC9469;
			remoteInfo = MMMarkdown;
		};
/* End PBXContainerItemProxy section */

/* Begin PBXCopyFilesBuildPhase section */
		BE813E1114F92B6100EC9469 /* CopyFiles */ = {
			isa = PBXCopyFilesBuildPhase;
			buildActionMask = 2147483647;
			dstPath = /usr/share/man/man1/;
			dstSubfolderSpec = 0;
			files = (
			);
			runOnlyForDeploymentPostprocessing = 1;
		};
		BEAAEBE21554E86E00EF1EA0 /* CopyFiles */ = {
			isa = PBXCopyFilesBuildPhase;
			buildActionMask = 2147483647;
			dstPath = MarkdownTest_1.0;
			dstSubfolderSpec = 7;
			files = (
				BEAAEBE31554E8A400EF1EA0 /* Amps and angle encoding.html in CopyFiles */,
				BEAAEBE41554E8A400EF1EA0 /* Amps and angle encoding.text in CopyFiles */,
				BEAAEBE51554E8A400EF1EA0 /* Auto links.html in CopyFiles */,
				BEAAEBE61554E8A400EF1EA0 /* Auto links.text in CopyFiles */,
				BEAAEBE71554E8A400EF1EA0 /* Backslash escapes.html in CopyFiles */,
				BEAAEBE81554E8A400EF1EA0 /* Backslash escapes.text in CopyFiles */,
				BEAAEBE91554E8A400EF1EA0 /* Blockquotes with code blocks.html in CopyFiles */,
				BEAAEBEA1554E8A400EF1EA0 /* Blockquotes with code blocks.text in CopyFiles */,
				BEAAEBEB1554E8A400EF1EA0 /* Hard-wrapped paragraphs with list-like lines.html in CopyFiles */,
				BEAAEBEC1554E8A400EF1EA0 /* Hard-wrapped paragraphs with list-like lines.text in CopyFiles */,
				BEAAEBED1554E8A400EF1EA0 /* Horizontal rules.html in CopyFiles */,
				BEAAEBEE1554E8A400EF1EA0 /* Horizontal rules.text in CopyFiles */,
				BEAAEBEF1554E8A400EF1EA0 /* Inline HTML (Advanced).html in CopyFiles */,
				BEAAEBF01554E8A400EF1EA0 /* Inline HTML (Advanced).text in CopyFiles */,
				BEAAEBF11554E8A400EF1EA0 /* Inline HTML (Simple).html in CopyFiles */,
				BEAAEBF21554E8A400EF1EA0 /* Inline HTML (Simple).text in CopyFiles */,
				BEAAEBF31554E8A400EF1EA0 /* Inline HTML comments.html in CopyFiles */,
				BEAAEBF41554E8A400EF1EA0 /* Inline HTML comments.text in CopyFiles */,
				BEAAEBF51554E8A400EF1EA0 /* Links, inline style.html in CopyFiles */,
				BEAAEBF61554E8A400EF1EA0 /* Links, inline style.text in CopyFiles */,
				BEAAEBF71554E8A400EF1EA0 /* Links, reference style.html in CopyFiles */,
				BEAAEBF81554E8A400EF1EA0 /* Links, reference style.text in CopyFiles */,
				BEAAEBF91554E8A400EF1EA0 /* Literal quotes in titles.html in CopyFiles */,
				BEAAEBFA1554E8A400EF1EA0 /* Literal quotes in titles.text in CopyFiles */,
				BEAAEBFB1554E8A400EF1EA0 /* Markdown Documentation - Basics.html in CopyFiles */,
				BEAAEBFC1554E8A400EF1EA0 /* Markdown Documentation - Basics.text in CopyFiles */,
				BEAAEBFD1554E8A400EF1EA0 /* Markdown Documentation - Syntax.html in CopyFiles */,
				BEAAEBFE1554E8A400EF1EA0 /* Markdown Documentation - Syntax.text in CopyFiles */,
				BEAAEBFF1554E8A400EF1EA0 /* Nested blockquotes.html in CopyFiles */,
				BEAAEC001554E8A400EF1EA0 /* Nested blockquotes.text in CopyFiles */,
				BEAAEC011554E8A400EF1EA0 /* Ordered and unordered lists.html in CopyFiles */,
				BEAAEC021554E8A400EF1EA0 /* Ordered and unordered lists.text in CopyFiles */,
				BEAAEC031554E8A400EF1EA0 /* Strong and em together.html in CopyFiles */,
				BEAAEC041554E8A400EF1EA0 /* Strong and em together.text in CopyFiles */,
				BEAAEC051554E8A400EF1EA0 /* Tabs.html in CopyFiles */,
				BEAAEC061554E8A400EF1EA0 /* Tabs.text in CopyFiles */,
				BEAAEC071554E8A400EF1EA0 /* Tidyness.html in CopyFiles */,
				BEAAEC081554E8A400EF1EA0 /* Tidyness.text in CopyFiles */,
			);
			runOnlyForDeploymentPostprocessing = 0;
		};
		BEAAEC091554E8CB00EF1EA0 /* CopyFiles */ = {
			isa = PBXCopyFilesBuildPhase;
			buildActionMask = 2147483647;
			dstPath = "php-markdown";
			dstSubfolderSpec = 7;
			files = (
				BEAAEC0A1554E8F000EF1EA0 /* Backslash escapes.html in CopyFiles */,
				BEAAEC0B1554E8F000EF1EA0 /* Backslash escapes.text in CopyFiles */,
				BEAAEC0C1554E8F000EF1EA0 /* Code block in a list item.html in CopyFiles */,
				BEAAEC0D1554E8F000EF1EA0 /* Code block in a list item.text in CopyFiles */,
				BEAAEC0E1554E8F000EF1EA0 /* Code Spans.html in CopyFiles */,
				BEAAEC0F1554E8F000EF1EA0 /* Code Spans.text in CopyFiles */,
				BEAAEC101554E8F100EF1EA0 /* Email auto links.html in CopyFiles */,
				BEAAEC111554E8F100EF1EA0 /* Email auto links.text in CopyFiles */,
				BEAAEC121554E8F100EF1EA0 /* Emphasis.html in CopyFiles */,
				BEAAEC131554E8F100EF1EA0 /* Emphasis.text in CopyFiles */,
				BEAAEC141554E8F100EF1EA0 /* Headers.html in CopyFiles */,
				BEAAEC151554E8F100EF1EA0 /* Headers.text in CopyFiles */,
				BEAAEC161554E8F100EF1EA0 /* Images (Untitled).html in CopyFiles */,
				BEAAEC171554E8F100EF1EA0 /* Images (Untitled).text in CopyFiles */,
				BEAAEC181554E8F100EF1EA0 /* Inline HTML (Simple).html in CopyFiles */,
				BEAAEC191554E8F100EF1EA0 /* Inline HTML (Simple).text in CopyFiles */,
				BEAAEC1A1554E8F100EF1EA0 /* Inline HTML (Span).html in CopyFiles */,
				BEAAEC1B1554E8F100EF1EA0 /* Inline HTML (Span).text in CopyFiles */,
				BEAAEC1C1554E8F100EF1EA0 /* Inline HTML comments.html in CopyFiles */,
				BEAAEC1D1554E8F100EF1EA0 /* Inline HTML comments.text in CopyFiles */,
				BEAAEC1E1554E8F100EF1EA0 /* Ins & del.html in CopyFiles */,
				BEAAEC1F1554E8F100EF1EA0 /* Ins & del.text in CopyFiles */,
				BEAAEC201554E8F100EF1EA0 /* Links, inline style.html in CopyFiles */,
				BEAAEC211554E8F100EF1EA0 /* Links, inline style.text in CopyFiles */,
				BEAAEC221554E8F100EF1EA0 /* MD5 Hashes.html in CopyFiles */,
				BEAAEC231554E8F100EF1EA0 /* MD5 Hashes.text in CopyFiles */,
				BEAAEC241554E8F100EF1EA0 /* Nesting.html in CopyFiles */,
				BEAAEC251554E8F100EF1EA0 /* Nesting.text in CopyFiles */,
				BEAAEC261554E8F100EF1EA0 /* Parens in URL.html in CopyFiles */,
				BEAAEC271554E8F100EF1EA0 /* Parens in URL.text in CopyFiles */,
				BEAAEC281554E8F100EF1EA0 /* PHP-Specific Bugs.html in CopyFiles */,
				BEAAEC291554E8F100EF1EA0 /* PHP-Specific Bugs.text in CopyFiles */,
				BEAAEC2A1554E8F100EF1EA0 /* Tight blocks.html in CopyFiles */,
				BEAAEC2B1554E8F100EF1EA0 /* Tight blocks.text in CopyFiles */,
			);
			runOnlyForDeploymentPostprocessing = 0;
		};
/* End PBXCopyFilesBuildPhase section */

/* Begin PBXFileReference section */
		BE1DB5D41514184000B26092 /* MMSpanTests.m */ = {isa = PBXFileReference; fileEncoding = 4; lastKnownFileType = sourcecode.c.objc; path = MMSpanTests.m; sourceTree = "<group>"; };
		BE1DB5D915143F4200B26092 /* MMBlockTests.m */ = {isa = PBXFileReference; fileEncoding = 4; lastKnownFileType = sourcecode.c.objc; path = MMBlockTests.m; sourceTree = "<group>"; };
		BE1DB5DC1515032F00B26092 /* MMLinkTests.m */ = {isa = PBXFileReference; fileEncoding = 4; lastKnownFileType = sourcecode.c.objc; path = MMLinkTests.m; sourceTree = "<group>"; };
		BE6CA52E158179670083887C /* MMHTMLParser.h */ = {isa = PBXFileReference; fileEncoding = 4; lastKnownFileType = sourcecode.c.h; path = MMHTMLParser.h; sourceTree = "<group>"; };
		BE6CA52F158179670083887C /* MMHTMLParser.m */ = {isa = PBXFileReference; fileEncoding = 4; lastKnownFileType = sourcecode.c.objc; path = MMHTMLParser.m; sourceTree = "<group>"; };
		BE813DD614F893EB00EC9469 /* libMMMarkdown-Mac.a */ = {isa = PBXFileReference; explicitFileType = archive.ar; includeInIndex = 0; path = "libMMMarkdown-Mac.a"; sourceTree = BUILT_PRODUCTS_DIR; };
		BE813DDE14F893EB00EC9469 /* Foundation.framework */ = {isa = PBXFileReference; lastKnownFileType = wrapper.framework; name = Foundation.framework; path = System/Library/Frameworks/Foundation.framework; sourceTree = SDKROOT; };
		BE813DE114F893EB00EC9469 /* MMMarkdown-Prefix.pch */ = {isa = PBXFileReference; lastKnownFileType = sourcecode.c.h; path = "MMMarkdown-Prefix.pch"; sourceTree = "<group>"; };
		BE813DE214F893EB00EC9469 /* MMMarkdown.h */ = {isa = PBXFileReference; lastKnownFileType = sourcecode.c.h; path = MMMarkdown.h; sourceTree = "<group>"; };
		BE813DE314F893EB00EC9469 /* MMMarkdown.m */ = {isa = PBXFileReference; lastKnownFileType = sourcecode.c.objc; path = MMMarkdown.m; sourceTree = "<group>"; };
		BE813DEA14F893EB00EC9469 /* MMMarkdownTests.octest */ = {isa = PBXFileReference; explicitFileType = wrapper.cfbundle; includeInIndex = 0; path = MMMarkdownTests.octest; sourceTree = BUILT_PRODUCTS_DIR; };
		BE813DEB14F893EB00EC9469 /* SenTestingKit.framework */ = {isa = PBXFileReference; lastKnownFileType = wrapper.framework; name = SenTestingKit.framework; path = Library/Frameworks/SenTestingKit.framework; sourceTree = DEVELOPER_DIR; };
		BE813DF314F893EB00EC9469 /* MMMarkdownTests-Info.plist */ = {isa = PBXFileReference; lastKnownFileType = text.plist.xml; path = "MMMarkdownTests-Info.plist"; sourceTree = "<group>"; };
		BE813DF514F893EB00EC9469 /* en */ = {isa = PBXFileReference; lastKnownFileType = text.plist.strings; name = en; path = en.lproj/InfoPlist.strings; sourceTree = "<group>"; };
		BE813DF714F893EB00EC9469 /* MMMarkdownTests.h */ = {isa = PBXFileReference; lastKnownFileType = sourcecode.c.h; path = MMMarkdownTests.h; sourceTree = "<group>"; };
		BE813DF814F893EB00EC9469 /* MMMarkdownTests.m */ = {isa = PBXFileReference; lastKnownFileType = sourcecode.c.objc; path = MMMarkdownTests.m; sourceTree = "<group>"; };
		BE813E0E14F8961D00EC9469 /* libMMMarkdown-iOS.a */ = {isa = PBXFileReference; explicitFileType = archive.ar; includeInIndex = 0; path = "libMMMarkdown-iOS.a"; sourceTree = BUILT_PRODUCTS_DIR; };
		BE813E1314F92B6100EC9469 /* mmmarkdown */ = {isa = PBXFileReference; explicitFileType = "compiled.mach-o.executable"; includeInIndex = 0; path = mmmarkdown; sourceTree = BUILT_PRODUCTS_DIR; };
		BE813E1714F92B6100EC9469 /* main.m */ = {isa = PBXFileReference; lastKnownFileType = sourcecode.c.objc; path = main.m; sourceTree = "<group>"; };
		BE813E1A14F92B6200EC9469 /* mmmarkdown-Prefix.pch */ = {isa = PBXFileReference; lastKnownFileType = sourcecode.c.h; path = "mmmarkdown-Prefix.pch"; sourceTree = "<group>"; };
		BE813E2214F93D8700EC9469 /* MarkdownTest.pl */ = {isa = PBXFileReference; fileEncoding = 4; lastKnownFileType = text.script.perl; path = MarkdownTest.pl; sourceTree = "<group>"; };
		BE813E2414F93D8700EC9469 /* Amps and angle encoding.html */ = {isa = PBXFileReference; fileEncoding = 4; lastKnownFileType = text.html; path = "Amps and angle encoding.html"; sourceTree = "<group>"; };
		BE813E2514F93D8700EC9469 /* Amps and angle encoding.text */ = {isa = PBXFileReference; fileEncoding = 4; lastKnownFileType = text; path = "Amps and angle encoding.text"; sourceTree = "<group>"; };
		BE813E2614F93D8700EC9469 /* Auto links.html */ = {isa = PBXFileReference; fileEncoding = 4; lastKnownFileType = text.html; path = "Auto links.html"; sourceTree = "<group>"; };
		BE813E2714F93D8700EC9469 /* Auto links.text */ = {isa = PBXFileReference; fileEncoding = 4; lastKnownFileType = text; path = "Auto links.text"; sourceTree = "<group>"; };
		BE813E2814F93D8700EC9469 /* Backslash escapes.html */ = {isa = PBXFileReference; fileEncoding = 4; lastKnownFileType = text.html; path = "Backslash escapes.html"; sourceTree = "<group>"; };
		BE813E2914F93D8700EC9469 /* Backslash escapes.text */ = {isa = PBXFileReference; fileEncoding = 4; lastKnownFileType = text; path = "Backslash escapes.text"; sourceTree = "<group>"; };
		BE813E2A14F93D8700EC9469 /* Blockquotes with code blocks.html */ = {isa = PBXFileReference; fileEncoding = 4; lastKnownFileType = text.html; path = "Blockquotes with code blocks.html"; sourceTree = "<group>"; };
		BE813E2B14F93D8700EC9469 /* Blockquotes with code blocks.text */ = {isa = PBXFileReference; fileEncoding = 4; lastKnownFileType = text; path = "Blockquotes with code blocks.text"; sourceTree = "<group>"; };
		BE813E2C14F93D8700EC9469 /* Hard-wrapped paragraphs with list-like lines.html */ = {isa = PBXFileReference; fileEncoding = 4; lastKnownFileType = text.html; path = "Hard-wrapped paragraphs with list-like lines.html"; sourceTree = "<group>"; };
		BE813E2D14F93D8700EC9469 /* Hard-wrapped paragraphs with list-like lines.text */ = {isa = PBXFileReference; fileEncoding = 4; lastKnownFileType = text; path = "Hard-wrapped paragraphs with list-like lines.text"; sourceTree = "<group>"; };
		BE813E2E14F93D8700EC9469 /* Horizontal rules.html */ = {isa = PBXFileReference; fileEncoding = 4; lastKnownFileType = text.html; path = "Horizontal rules.html"; sourceTree = "<group>"; };
		BE813E2F14F93D8700EC9469 /* Horizontal rules.text */ = {isa = PBXFileReference; fileEncoding = 4; lastKnownFileType = text; path = "Horizontal rules.text"; sourceTree = "<group>"; };
		BE813E3014F93D8700EC9469 /* Inline HTML (Advanced).html */ = {isa = PBXFileReference; fileEncoding = 4; lastKnownFileType = text.html; path = "Inline HTML (Advanced).html"; sourceTree = "<group>"; };
		BE813E3114F93D8700EC9469 /* Inline HTML (Advanced).text */ = {isa = PBXFileReference; fileEncoding = 4; lastKnownFileType = text; path = "Inline HTML (Advanced).text"; sourceTree = "<group>"; };
		BE813E3214F93D8700EC9469 /* Inline HTML (Simple).html */ = {isa = PBXFileReference; fileEncoding = 4; lastKnownFileType = text.html; path = "Inline HTML (Simple).html"; sourceTree = "<group>"; };
		BE813E3314F93D8700EC9469 /* Inline HTML (Simple).text */ = {isa = PBXFileReference; fileEncoding = 4; lastKnownFileType = text; path = "Inline HTML (Simple).text"; sourceTree = "<group>"; };
		BE813E3414F93D8700EC9469 /* Inline HTML comments.html */ = {isa = PBXFileReference; fileEncoding = 4; lastKnownFileType = text.html; path = "Inline HTML comments.html"; sourceTree = "<group>"; };
		BE813E3514F93D8700EC9469 /* Inline HTML comments.text */ = {isa = PBXFileReference; fileEncoding = 4; lastKnownFileType = text; path = "Inline HTML comments.text"; sourceTree = "<group>"; };
		BE813E3614F93D8700EC9469 /* Links, inline style.html */ = {isa = PBXFileReference; fileEncoding = 4; lastKnownFileType = text.html; path = "Links, inline style.html"; sourceTree = "<group>"; };
		BE813E3714F93D8700EC9469 /* Links, inline style.text */ = {isa = PBXFileReference; fileEncoding = 4; lastKnownFileType = text; path = "Links, inline style.text"; sourceTree = "<group>"; };
		BE813E3814F93D8700EC9469 /* Links, reference style.html */ = {isa = PBXFileReference; fileEncoding = 4; lastKnownFileType = text.html; path = "Links, reference style.html"; sourceTree = "<group>"; };
		BE813E3914F93D8700EC9469 /* Links, reference style.text */ = {isa = PBXFileReference; fileEncoding = 4; lastKnownFileType = text; path = "Links, reference style.text"; sourceTree = "<group>"; };
		BE813E3A14F93D8700EC9469 /* Literal quotes in titles.html */ = {isa = PBXFileReference; fileEncoding = 4; lastKnownFileType = text.html; path = "Literal quotes in titles.html"; sourceTree = "<group>"; };
		BE813E3B14F93D8700EC9469 /* Literal quotes in titles.text */ = {isa = PBXFileReference; fileEncoding = 4; lastKnownFileType = text; path = "Literal quotes in titles.text"; sourceTree = "<group>"; };
		BE813E3C14F93D8700EC9469 /* Markdown Documentation - Basics.html */ = {isa = PBXFileReference; fileEncoding = 4; lastKnownFileType = text.html; path = "Markdown Documentation - Basics.html"; sourceTree = "<group>"; };
		BE813E3D14F93D8700EC9469 /* Markdown Documentation - Basics.text */ = {isa = PBXFileReference; fileEncoding = 4; lastKnownFileType = text; path = "Markdown Documentation - Basics.text"; sourceTree = "<group>"; };
		BE813E3E14F93D8700EC9469 /* Markdown Documentation - Syntax.html */ = {isa = PBXFileReference; fileEncoding = 4; lastKnownFileType = text.html; path = "Markdown Documentation - Syntax.html"; sourceTree = "<group>"; };
		BE813E3F14F93D8700EC9469 /* Markdown Documentation - Syntax.text */ = {isa = PBXFileReference; fileEncoding = 4; lastKnownFileType = text; path = "Markdown Documentation - Syntax.text"; sourceTree = "<group>"; };
		BE813E4014F93D8700EC9469 /* Nested blockquotes.html */ = {isa = PBXFileReference; fileEncoding = 4; lastKnownFileType = text.html; path = "Nested blockquotes.html"; sourceTree = "<group>"; };
		BE813E4114F93D8700EC9469 /* Nested blockquotes.text */ = {isa = PBXFileReference; fileEncoding = 4; lastKnownFileType = text; path = "Nested blockquotes.text"; sourceTree = "<group>"; };
		BE813E4214F93D8700EC9469 /* Ordered and unordered lists.html */ = {isa = PBXFileReference; fileEncoding = 4; lastKnownFileType = text.html; path = "Ordered and unordered lists.html"; sourceTree = "<group>"; };
		BE813E4314F93D8700EC9469 /* Ordered and unordered lists.text */ = {isa = PBXFileReference; fileEncoding = 4; lastKnownFileType = text; path = "Ordered and unordered lists.text"; sourceTree = "<group>"; };
		BE813E4414F93D8700EC9469 /* Strong and em together.html */ = {isa = PBXFileReference; fileEncoding = 4; lastKnownFileType = text.html; path = "Strong and em together.html"; sourceTree = "<group>"; };
		BE813E4514F93D8700EC9469 /* Strong and em together.text */ = {isa = PBXFileReference; fileEncoding = 4; lastKnownFileType = text; path = "Strong and em together.text"; sourceTree = "<group>"; };
		BE813E4614F93D8700EC9469 /* Tabs.html */ = {isa = PBXFileReference; fileEncoding = 4; lastKnownFileType = text.html; path = Tabs.html; sourceTree = "<group>"; };
		BE813E4714F93D8700EC9469 /* Tabs.text */ = {isa = PBXFileReference; fileEncoding = 4; lastKnownFileType = text; path = Tabs.text; sourceTree = "<group>"; };
		BE813E4814F93D8700EC9469 /* Tidyness.html */ = {isa = PBXFileReference; fileEncoding = 4; lastKnownFileType = text.html; path = Tidyness.html; sourceTree = "<group>"; };
		BE813E4914F93D8700EC9469 /* Tidyness.text */ = {isa = PBXFileReference; fileEncoding = 4; lastKnownFileType = text; path = Tidyness.text; sourceTree = "<group>"; };
		BE813E7214F959BC00EC9469 /* MMElement.h */ = {isa = PBXFileReference; fileEncoding = 4; lastKnownFileType = sourcecode.c.h; path = MMElement.h; sourceTree = "<group>"; };
		BE813E7314F959BC00EC9469 /* MMElement.m */ = {isa = PBXFileReference; fileEncoding = 4; lastKnownFileType = sourcecode.c.objc; path = MMElement.m; sourceTree = "<group>"; };
		BE813E7814F95B2A00EC9469 /* MMParser.h */ = {isa = PBXFileReference; fileEncoding = 4; lastKnownFileType = sourcecode.c.h; path = MMParser.h; sourceTree = "<group>"; };
		BE813E7914F95B2A00EC9469 /* MMParser.m */ = {isa = PBXFileReference; fileEncoding = 4; lastKnownFileType = sourcecode.c.objc; path = MMParser.m; sourceTree = "<group>"; };
		BE813E7E14F95FD300EC9469 /* MMDocument.h */ = {isa = PBXFileReference; fileEncoding = 4; lastKnownFileType = sourcecode.c.h; path = MMDocument.h; sourceTree = "<group>"; };
		BE813E7F14F95FD300EC9469 /* MMDocument.m */ = {isa = PBXFileReference; fileEncoding = 4; lastKnownFileType = sourcecode.c.objc; path = MMDocument.m; sourceTree = "<group>"; };
		BE813E8414F9602400EC9469 /* MMGenerator.h */ = {isa = PBXFileReference; fileEncoding = 4; lastKnownFileType = sourcecode.c.h; path = MMGenerator.h; sourceTree = "<group>"; };
		BE813E8514F9602500EC9469 /* MMGenerator.m */ = {isa = PBXFileReference; fileEncoding = 4; lastKnownFileType = sourcecode.c.objc; path = MMGenerator.m; sourceTree = "<group>"; };
		BE813E8A14F9658600EC9469 /* MMDocument_Private.h */ = {isa = PBXFileReference; fileEncoding = 4; lastKnownFileType = sourcecode.c.h; path = MMDocument_Private.h; sourceTree = "<group>"; };
		BE813E9014FACF0C00EC9469 /* MMScanner.h */ = {isa = PBXFileReference; fileEncoding = 4; lastKnownFileType = sourcecode.c.h; path = MMScanner.h; sourceTree = "<group>"; };
		BE813E9114FACF0C00EC9469 /* MMScanner.m */ = {isa = PBXFileReference; fileEncoding = 4; lastKnownFileType = sourcecode.c.objc; path = MMScanner.m; sourceTree = "<group>"; };
		BE813E961502E78700EC9469 /* MMTestCase.h */ = {isa = PBXFileReference; fileEncoding = 4; lastKnownFileType = sourcecode.c.h; path = MMTestCase.h; sourceTree = "<group>"; };
		BE813E971502E78700EC9469 /* MMTestCase.m */ = {isa = PBXFileReference; fileEncoding = 4; lastKnownFileType = sourcecode.c.objc; path = MMTestCase.m; sourceTree = "<group>"; };
		BE813E9A15031B4000EC9469 /* MMListTests.m */ = {isa = PBXFileReference; fileEncoding = 4; lastKnownFileType = sourcecode.c.objc; path = MMListTests.m; sourceTree = "<group>"; };
		BE813E9D1503C14200EC9469 /* MMEscapingTests.m */ = {isa = PBXFileReference; fileEncoding = 4; lastKnownFileType = sourcecode.c.objc; path = MMEscapingTests.m; sourceTree = "<group>"; };
		BEAAEB421549DD1700EF1EA0 /* MMImageTests.m */ = {isa = PBXFileReference; fileEncoding = 4; lastKnownFileType = sourcecode.c.objc; path = MMImageTests.m; sourceTree = "<group>"; };
		BEAAEB5E154A49B500EF1EA0 /* MMErrorTests.m */ = {isa = PBXFileReference; fileEncoding = 4; lastKnownFileType = sourcecode.c.objc; path = MMErrorTests.m; sourceTree = "<group>"; };
		BEAAEB9E1554E77600EF1EA0 /* Backslash escapes.html */ = {isa = PBXFileReference; fileEncoding = 4; lastKnownFileType = text.html; path = "Backslash escapes.html"; sourceTree = "<group>"; };
		BEAAEB9F1554E77600EF1EA0 /* Backslash escapes.text */ = {isa = PBXFileReference; fileEncoding = 4; lastKnownFileType = text; path = "Backslash escapes.text"; sourceTree = "<group>"; };
		BEAAEBA01554E77600EF1EA0 /* Code block in a list item.html */ = {isa = PBXFileReference; fileEncoding = 4; lastKnownFileType = text.html; path = "Code block in a list item.html"; sourceTree = "<group>"; };
		BEAAEBA11554E77600EF1EA0 /* Code block in a list item.text */ = {isa = PBXFileReference; fileEncoding = 4; lastKnownFileType = text; path = "Code block in a list item.text"; sourceTree = "<group>"; };
		BEAAEBA21554E77600EF1EA0 /* Code Spans.html */ = {isa = PBXFileReference; fileEncoding = 4; lastKnownFileType = text.html; path = "Code Spans.html"; sourceTree = "<group>"; };
		BEAAEBA31554E77600EF1EA0 /* Code Spans.text */ = {isa = PBXFileReference; fileEncoding = 4; lastKnownFileType = text; path = "Code Spans.text"; sourceTree = "<group>"; };
		BEAAEBA41554E77600EF1EA0 /* Email auto links.html */ = {isa = PBXFileReference; fileEncoding = 4; lastKnownFileType = text.html; path = "Email auto links.html"; sourceTree = "<group>"; };
		BEAAEBA51554E77600EF1EA0 /* Email auto links.text */ = {isa = PBXFileReference; fileEncoding = 4; lastKnownFileType = text; path = "Email auto links.text"; sourceTree = "<group>"; };
		BEAAEBA61554E77600EF1EA0 /* Emphasis.html */ = {isa = PBXFileReference; fileEncoding = 4; lastKnownFileType = text.html; path = Emphasis.html; sourceTree = "<group>"; };
		BEAAEBA71554E77600EF1EA0 /* Emphasis.text */ = {isa = PBXFileReference; fileEncoding = 4; lastKnownFileType = text; path = Emphasis.text; sourceTree = "<group>"; };
		BEAAEBA81554E77600EF1EA0 /* Headers.html */ = {isa = PBXFileReference; fileEncoding = 4; lastKnownFileType = text.html; path = Headers.html; sourceTree = "<group>"; };
		BEAAEBA91554E77600EF1EA0 /* Headers.text */ = {isa = PBXFileReference; fileEncoding = 4; lastKnownFileType = text; path = Headers.text; sourceTree = "<group>"; };
		BEAAEBAA1554E77600EF1EA0 /* Images (Untitled).html */ = {isa = PBXFileReference; fileEncoding = 4; lastKnownFileType = text.html; path = "Images (Untitled).html"; sourceTree = "<group>"; };
		BEAAEBAB1554E77600EF1EA0 /* Images (Untitled).text */ = {isa = PBXFileReference; fileEncoding = 4; lastKnownFileType = text; path = "Images (Untitled).text"; sourceTree = "<group>"; };
		BEAAEBAC1554E77600EF1EA0 /* Inline HTML (Simple).html */ = {isa = PBXFileReference; fileEncoding = 4; lastKnownFileType = text.html; path = "Inline HTML (Simple).html"; sourceTree = "<group>"; };
		BEAAEBAD1554E77600EF1EA0 /* Inline HTML (Simple).text */ = {isa = PBXFileReference; fileEncoding = 4; lastKnownFileType = text; path = "Inline HTML (Simple).text"; sourceTree = "<group>"; };
		BEAAEBAE1554E77600EF1EA0 /* Inline HTML (Span).html */ = {isa = PBXFileReference; fileEncoding = 4; lastKnownFileType = text.html; path = "Inline HTML (Span).html"; sourceTree = "<group>"; };
		BEAAEBAF1554E77600EF1EA0 /* Inline HTML (Span).text */ = {isa = PBXFileReference; fileEncoding = 4; lastKnownFileType = text; path = "Inline HTML (Span).text"; sourceTree = "<group>"; };
		BEAAEBB01554E77600EF1EA0 /* Inline HTML comments.html */ = {isa = PBXFileReference; fileEncoding = 4; lastKnownFileType = text.html; path = "Inline HTML comments.html"; sourceTree = "<group>"; };
		BEAAEBB11554E77600EF1EA0 /* Inline HTML comments.text */ = {isa = PBXFileReference; fileEncoding = 4; lastKnownFileType = text; path = "Inline HTML comments.text"; sourceTree = "<group>"; };
		BEAAEBB21554E77600EF1EA0 /* Ins & del.html */ = {isa = PBXFileReference; fileEncoding = 4; lastKnownFileType = text.html; path = "Ins & del.html"; sourceTree = "<group>"; };
		BEAAEBB31554E77600EF1EA0 /* Ins & del.text */ = {isa = PBXFileReference; fileEncoding = 4; lastKnownFileType = text; path = "Ins & del.text"; sourceTree = "<group>"; };
		BEAAEBB41554E77600EF1EA0 /* Links, inline style.html */ = {isa = PBXFileReference; fileEncoding = 4; lastKnownFileType = text.html; path = "Links, inline style.html"; sourceTree = "<group>"; };
		BEAAEBB51554E77600EF1EA0 /* Links, inline style.text */ = {isa = PBXFileReference; fileEncoding = 4; lastKnownFileType = text; path = "Links, inline style.text"; sourceTree = "<group>"; };
		BEAAEBB61554E77600EF1EA0 /* MD5 Hashes.html */ = {isa = PBXFileReference; fileEncoding = 4; lastKnownFileType = text.html; path = "MD5 Hashes.html"; sourceTree = "<group>"; };
		BEAAEBB71554E77600EF1EA0 /* MD5 Hashes.text */ = {isa = PBXFileReference; fileEncoding = 4; lastKnownFileType = text; path = "MD5 Hashes.text"; sourceTree = "<group>"; };
		BEAAEBB81554E77600EF1EA0 /* Nesting.html */ = {isa = PBXFileReference; fileEncoding = 4; lastKnownFileType = text.html; path = Nesting.html; sourceTree = "<group>"; };
		BEAAEBB91554E77600EF1EA0 /* Nesting.text */ = {isa = PBXFileReference; fileEncoding = 4; lastKnownFileType = text; path = Nesting.text; sourceTree = "<group>"; };
		BEAAEBBA1554E77600EF1EA0 /* Parens in URL.html */ = {isa = PBXFileReference; fileEncoding = 4; lastKnownFileType = text.html; path = "Parens in URL.html"; sourceTree = "<group>"; };
		BEAAEBBB1554E77600EF1EA0 /* Parens in URL.text */ = {isa = PBXFileReference; fileEncoding = 4; lastKnownFileType = text; path = "Parens in URL.text"; sourceTree = "<group>"; };
		BEAAEBBC1554E77600EF1EA0 /* PHP-Specific Bugs.html */ = {isa = PBXFileReference; fileEncoding = 4; lastKnownFileType = text.html; path = "PHP-Specific Bugs.html"; sourceTree = "<group>"; };
		BEAAEBBD1554E77600EF1EA0 /* PHP-Specific Bugs.text */ = {isa = PBXFileReference; fileEncoding = 4; lastKnownFileType = text; path = "PHP-Specific Bugs.text"; sourceTree = "<group>"; };
		BEAAEBBE1554E77600EF1EA0 /* Tight blocks.html */ = {isa = PBXFileReference; fileEncoding = 4; lastKnownFileType = text.html; path = "Tight blocks.html"; sourceTree = "<group>"; };
		BEAAEBBF1554E77600EF1EA0 /* Tight blocks.text */ = {isa = PBXFileReference; fileEncoding = 4; lastKnownFileType = text; path = "Tight blocks.text"; sourceTree = "<group>"; };
		BEAAEC2D1554E93700EF1EA0 /* MMPHPMarkdownTests.m */ = {isa = PBXFileReference; fileEncoding = 4; lastKnownFileType = sourcecode.c.objc; path = MMPHPMarkdownTests.m; sourceTree = "<group>"; };
		BEDDD5491544E42200EA7D65 /* MMHTMLTests.m */ = {isa = PBXFileReference; fileEncoding = 4; lastKnownFileType = sourcecode.c.objc; path = MMHTMLTests.m; sourceTree = "<group>"; };
		BEF3421A150CEA6D00BFA0E2 /* MMSpanParser.h */ = {isa = PBXFileReference; fileEncoding = 4; lastKnownFileType = sourcecode.c.h; path = MMSpanParser.h; sourceTree = "<group>"; };
		BEF3421B150CEA6D00BFA0E2 /* MMSpanParser.m */ = {isa = PBXFileReference; fileEncoding = 4; lastKnownFileType = sourcecode.c.objc; path = MMSpanParser.m; sourceTree = "<group>"; };
/* End PBXFileReference section */

/* Begin PBXFrameworksBuildPhase section */
		BE813DD314F893EB00EC9469 /* Frameworks */ = {
			isa = PBXFrameworksBuildPhase;
			buildActionMask = 2147483647;
			files = (
			);
			runOnlyForDeploymentPostprocessing = 0;
		};
		BE813DE614F893EB00EC9469 /* Frameworks */ = {
			isa = PBXFrameworksBuildPhase;
			buildActionMask = 2147483647;
			files = (
				BE813E7114F941AD00EC9469 /* Foundation.framework in Frameworks */,
				BE813DEC14F893EB00EC9469 /* SenTestingKit.framework in Frameworks */,
				BE813DF014F893EB00EC9469 /* libMMMarkdown-Mac.a in Frameworks */,
			);
			runOnlyForDeploymentPostprocessing = 0;
		};
		BE813E0914F8961D00EC9469 /* Frameworks */ = {
			isa = PBXFrameworksBuildPhase;
			buildActionMask = 2147483647;
			files = (
			);
			runOnlyForDeploymentPostprocessing = 0;
		};
		BE813E1014F92B6100EC9469 /* Frameworks */ = {
			isa = PBXFrameworksBuildPhase;
			buildActionMask = 2147483647;
			files = (
				BE813E2014F92BF600EC9469 /* libMMMarkdown-Mac.a in Frameworks */,
				BE813E1514F92B6100EC9469 /* Foundation.framework in Frameworks */,
			);
			runOnlyForDeploymentPostprocessing = 0;
		};
/* End PBXFrameworksBuildPhase section */

/* Begin PBXGroup section */
		BE813DCB14F893EB00EC9469 = {
			isa = PBXGroup;
			children = (
				BE813DDF14F893EB00EC9469 /* Source */,
				BE813E1614F92B6100EC9469 /* CLI */,
				BE813DF114F893EB00EC9469 /* Tests */,
				BE813DD814F893EB00EC9469 /* Frameworks */,
				BE813DD714F893EB00EC9469 /* Products */,
			);
			sourceTree = "<group>";
		};
		BE813DD714F893EB00EC9469 /* Products */ = {
			isa = PBXGroup;
			children = (
				BE813DD614F893EB00EC9469 /* libMMMarkdown-Mac.a */,
				BE813DEA14F893EB00EC9469 /* MMMarkdownTests.octest */,
				BE813E0E14F8961D00EC9469 /* libMMMarkdown-iOS.a */,
				BE813E1314F92B6100EC9469 /* mmmarkdown */,
			);
			name = Products;
			sourceTree = "<group>";
		};
		BE813DD814F893EB00EC9469 /* Frameworks */ = {
			isa = PBXGroup;
			children = (
				BE813DDE14F893EB00EC9469 /* Foundation.framework */,
				BE813DEB14F893EB00EC9469 /* SenTestingKit.framework */,
			);
			name = Frameworks;
			sourceTree = "<group>";
		};
		BE813DDF14F893EB00EC9469 /* Source */ = {
			isa = PBXGroup;
			children = (
				BE813DE214F893EB00EC9469 /* MMMarkdown.h */,
				BE813DE314F893EB00EC9469 /* MMMarkdown.m */,
				BE813DE114F893EB00EC9469 /* MMMarkdown-Prefix.pch */,
				BE813E7E14F95FD300EC9469 /* MMDocument.h */,
				BE813E8A14F9658600EC9469 /* MMDocument_Private.h */,
				BE813E7F14F95FD300EC9469 /* MMDocument.m */,
				BE813E7214F959BC00EC9469 /* MMElement.h */,
				BE813E7314F959BC00EC9469 /* MMElement.m */,
				BE813E8414F9602400EC9469 /* MMGenerator.h */,
				BE813E8514F9602500EC9469 /* MMGenerator.m */,
				BE6CA52E158179670083887C /* MMHTMLParser.h */,
				BE6CA52F158179670083887C /* MMHTMLParser.m */,
				BE813E7814F95B2A00EC9469 /* MMParser.h */,
				BE813E7914F95B2A00EC9469 /* MMParser.m */,
				BE813E9014FACF0C00EC9469 /* MMScanner.h */,
				BE813E9114FACF0C00EC9469 /* MMScanner.m */,
				BEF3421A150CEA6D00BFA0E2 /* MMSpanParser.h */,
				BEF3421B150CEA6D00BFA0E2 /* MMSpanParser.m */,
			);
			path = Source;
			sourceTree = "<group>";
		};
		BE813DF114F893EB00EC9469 /* Tests */ = {
			isa = PBXGroup;
			children = (
				BE813E2114F93D8700EC9469 /* MarkdownTest_1.0 */,
				BEAAEB9D1554E77500EF1EA0 /* php-markdown */,
				BE1DB5D915143F4200B26092 /* MMBlockTests.m */,
				BEAAEB5E154A49B500EF1EA0 /* MMErrorTests.m */,
				BE813E9D1503C14200EC9469 /* MMEscapingTests.m */,
				BEDDD5491544E42200EA7D65 /* MMHTMLTests.m */,
				BEAAEB421549DD1700EF1EA0 /* MMImageTests.m */,
				BE1DB5DC1515032F00B26092 /* MMLinkTests.m */,
				BE813E9A15031B4000EC9469 /* MMListTests.m */,
				BE1DB5D41514184000B26092 /* MMSpanTests.m */,
				BE813DF714F893EB00EC9469 /* MMMarkdownTests.h */,
				BE813DF814F893EB00EC9469 /* MMMarkdownTests.m */,
				BEAAEC2D1554E93700EF1EA0 /* MMPHPMarkdownTests.m */,
				BE813E961502E78700EC9469 /* MMTestCase.h */,
				BE813E971502E78700EC9469 /* MMTestCase.m */,
				BE813DF314F893EB00EC9469 /* MMMarkdownTests-Info.plist */,
				BE813DF414F893EB00EC9469 /* InfoPlist.strings */,
			);
			path = Tests;
			sourceTree = "<group>";
		};
		BE813E1614F92B6100EC9469 /* CLI */ = {
			isa = PBXGroup;
			children = (
				BE813E1714F92B6100EC9469 /* main.m */,
				BE813E1A14F92B6200EC9469 /* mmmarkdown-Prefix.pch */,
			);
			path = CLI;
			sourceTree = "<group>";
		};
		BE813E2114F93D8700EC9469 /* MarkdownTest_1.0 */ = {
			isa = PBXGroup;
			children = (
				BE813E2214F93D8700EC9469 /* MarkdownTest.pl */,
				BE813E2314F93D8700EC9469 /* Tests */,
			);
			path = MarkdownTest_1.0;
			sourceTree = "<group>";
		};
		BE813E2314F93D8700EC9469 /* Tests */ = {
			isa = PBXGroup;
			children = (
				BE813E2414F93D8700EC9469 /* Amps and angle encoding.html */,
				BE813E2514F93D8700EC9469 /* Amps and angle encoding.text */,
				BE813E2614F93D8700EC9469 /* Auto links.html */,
				BE813E2714F93D8700EC9469 /* Auto links.text */,
				BE813E2814F93D8700EC9469 /* Backslash escapes.html */,
				BE813E2914F93D8700EC9469 /* Backslash escapes.text */,
				BE813E2A14F93D8700EC9469 /* Blockquotes with code blocks.html */,
				BE813E2B14F93D8700EC9469 /* Blockquotes with code blocks.text */,
				BE813E2C14F93D8700EC9469 /* Hard-wrapped paragraphs with list-like lines.html */,
				BE813E2D14F93D8700EC9469 /* Hard-wrapped paragraphs with list-like lines.text */,
				BE813E2E14F93D8700EC9469 /* Horizontal rules.html */,
				BE813E2F14F93D8700EC9469 /* Horizontal rules.text */,
				BE813E3014F93D8700EC9469 /* Inline HTML (Advanced).html */,
				BE813E3114F93D8700EC9469 /* Inline HTML (Advanced).text */,
				BE813E3214F93D8700EC9469 /* Inline HTML (Simple).html */,
				BE813E3314F93D8700EC9469 /* Inline HTML (Simple).text */,
				BE813E3414F93D8700EC9469 /* Inline HTML comments.html */,
				BE813E3514F93D8700EC9469 /* Inline HTML comments.text */,
				BE813E3614F93D8700EC9469 /* Links, inline style.html */,
				BE813E3714F93D8700EC9469 /* Links, inline style.text */,
				BE813E3814F93D8700EC9469 /* Links, reference style.html */,
				BE813E3914F93D8700EC9469 /* Links, reference style.text */,
				BE813E3A14F93D8700EC9469 /* Literal quotes in titles.html */,
				BE813E3B14F93D8700EC9469 /* Literal quotes in titles.text */,
				BE813E3C14F93D8700EC9469 /* Markdown Documentation - Basics.html */,
				BE813E3D14F93D8700EC9469 /* Markdown Documentation - Basics.text */,
				BE813E3E14F93D8700EC9469 /* Markdown Documentation - Syntax.html */,
				BE813E3F14F93D8700EC9469 /* Markdown Documentation - Syntax.text */,
				BE813E4014F93D8700EC9469 /* Nested blockquotes.html */,
				BE813E4114F93D8700EC9469 /* Nested blockquotes.text */,
				BE813E4214F93D8700EC9469 /* Ordered and unordered lists.html */,
				BE813E4314F93D8700EC9469 /* Ordered and unordered lists.text */,
				BE813E4414F93D8700EC9469 /* Strong and em together.html */,
				BE813E4514F93D8700EC9469 /* Strong and em together.text */,
				BE813E4614F93D8700EC9469 /* Tabs.html */,
				BE813E4714F93D8700EC9469 /* Tabs.text */,
				BE813E4814F93D8700EC9469 /* Tidyness.html */,
				BE813E4914F93D8700EC9469 /* Tidyness.text */,
			);
			path = Tests;
			sourceTree = "<group>";
		};
		BEAAEB9D1554E77500EF1EA0 /* php-markdown */ = {
			isa = PBXGroup;
			children = (
				BEAAEB9E1554E77600EF1EA0 /* Backslash escapes.html */,
				BEAAEB9F1554E77600EF1EA0 /* Backslash escapes.text */,
				BEAAEBA01554E77600EF1EA0 /* Code block in a list item.html */,
				BEAAEBA11554E77600EF1EA0 /* Code block in a list item.text */,
				BEAAEBA21554E77600EF1EA0 /* Code Spans.html */,
				BEAAEBA31554E77600EF1EA0 /* Code Spans.text */,
				BEAAEBA41554E77600EF1EA0 /* Email auto links.html */,
				BEAAEBA51554E77600EF1EA0 /* Email auto links.text */,
				BEAAEBA61554E77600EF1EA0 /* Emphasis.html */,
				BEAAEBA71554E77600EF1EA0 /* Emphasis.text */,
				BEAAEBA81554E77600EF1EA0 /* Headers.html */,
				BEAAEBA91554E77600EF1EA0 /* Headers.text */,
				BEAAEBAA1554E77600EF1EA0 /* Images (Untitled).html */,
				BEAAEBAB1554E77600EF1EA0 /* Images (Untitled).text */,
				BEAAEBAC1554E77600EF1EA0 /* Inline HTML (Simple).html */,
				BEAAEBAD1554E77600EF1EA0 /* Inline HTML (Simple).text */,
				BEAAEBAE1554E77600EF1EA0 /* Inline HTML (Span).html */,
				BEAAEBAF1554E77600EF1EA0 /* Inline HTML (Span).text */,
				BEAAEBB01554E77600EF1EA0 /* Inline HTML comments.html */,
				BEAAEBB11554E77600EF1EA0 /* Inline HTML comments.text */,
				BEAAEBB21554E77600EF1EA0 /* Ins & del.html */,
				BEAAEBB31554E77600EF1EA0 /* Ins & del.text */,
				BEAAEBB41554E77600EF1EA0 /* Links, inline style.html */,
				BEAAEBB51554E77600EF1EA0 /* Links, inline style.text */,
				BEAAEBB61554E77600EF1EA0 /* MD5 Hashes.html */,
				BEAAEBB71554E77600EF1EA0 /* MD5 Hashes.text */,
				BEAAEBB81554E77600EF1EA0 /* Nesting.html */,
				BEAAEBB91554E77600EF1EA0 /* Nesting.text */,
				BEAAEBBA1554E77600EF1EA0 /* Parens in URL.html */,
				BEAAEBBB1554E77600EF1EA0 /* Parens in URL.text */,
				BEAAEBBC1554E77600EF1EA0 /* PHP-Specific Bugs.html */,
				BEAAEBBD1554E77600EF1EA0 /* PHP-Specific Bugs.text */,
				BEAAEBBE1554E77600EF1EA0 /* Tight blocks.html */,
				BEAAEBBF1554E77600EF1EA0 /* Tight blocks.text */,
			);
			path = "php-markdown";
			sourceTree = "<group>";
		};
/* End PBXGroup section */

/* Begin PBXHeadersBuildPhase section */
		BE813DD414F893EB00EC9469 /* Headers */ = {
			isa = PBXHeadersBuildPhase;
			buildActionMask = 2147483647;
			files = (
				BEA3FB6217B1852200E9D18C /* MMMarkdown.h in Headers */,
				BE813E7414F959BC00EC9469 /* MMElement.h in Headers */,
				BE813E7A14F95B2A00EC9469 /* MMParser.h in Headers */,
				BE813E8014F95FD400EC9469 /* MMDocument.h in Headers */,
				BE813E8614F9602500EC9469 /* MMGenerator.h in Headers */,
				BE813E8C14F9658600EC9469 /* MMDocument_Private.h in Headers */,
				BE813E9214FACF0D00EC9469 /* MMScanner.h in Headers */,
				BEF3421C150CEA6D00BFA0E2 /* MMSpanParser.h in Headers */,
				BE6CA530158179670083887C /* MMHTMLParser.h in Headers */,
			);
			runOnlyForDeploymentPostprocessing = 0;
		};
		BE813E0A14F8961D00EC9469 /* Headers */ = {
			isa = PBXHeadersBuildPhase;
			buildActionMask = 2147483647;
			files = (
				BE813E7514F959BC00EC9469 /* MMElement.h in Headers */,
				BE813E7B14F95B2A00EC9469 /* MMParser.h in Headers */,
				BE813E8114F95FD400EC9469 /* MMDocument.h in Headers */,
				BE813E8714F9602500EC9469 /* MMGenerator.h in Headers */,
				BE813E8D14F9658600EC9469 /* MMDocument_Private.h in Headers */,
				BE813E9314FACF0D00EC9469 /* MMScanner.h in Headers */,
				BEF3421D150CEA6D00BFA0E2 /* MMSpanParser.h in Headers */,
				BE6CA531158179670083887C /* MMHTMLParser.h in Headers */,
			);
			runOnlyForDeploymentPostprocessing = 0;
		};
/* End PBXHeadersBuildPhase section */

/* Begin PBXNativeTarget section */
		BE813DD514F893EB00EC9469 /* MMMarkdown-Mac */ = {
			isa = PBXNativeTarget;
			buildConfigurationList = BE813DFC14F893EB00EC9469 /* Build configuration list for PBXNativeTarget "MMMarkdown-Mac" */;
			buildPhases = (
				BE813DD214F893EB00EC9469 /* Sources */,
				BE813DD314F893EB00EC9469 /* Frameworks */,
				BE813DD414F893EB00EC9469 /* Headers */,
			);
			buildRules = (
			);
			dependencies = (
			);
			name = "MMMarkdown-Mac";
			productName = MMMarkdown;
			productReference = BE813DD614F893EB00EC9469 /* libMMMarkdown-Mac.a */;
			productType = "com.apple.product-type.library.static";
		};
		BE813DE914F893EB00EC9469 /* MMMarkdownTests */ = {
			isa = PBXNativeTarget;
			buildConfigurationList = BE813DFF14F893EB00EC9469 /* Build configuration list for PBXNativeTarget "MMMarkdownTests" */;
			buildPhases = (
				BE813DE514F893EB00EC9469 /* Sources */,
				BE813DE614F893EB00EC9469 /* Frameworks */,
				BE813DE714F893EB00EC9469 /* Resources */,
				BEAAEBE21554E86E00EF1EA0 /* CopyFiles */,
				BEAAEC091554E8CB00EF1EA0 /* CopyFiles */,
				BE813DE814F893EB00EC9469 /* ShellScript */,
			);
			buildRules = (
			);
			dependencies = (
				BE813DEF14F893EB00EC9469 /* PBXTargetDependency */,
			);
			name = MMMarkdownTests;
			productName = MMMarkdownTests;
			productReference = BE813DEA14F893EB00EC9469 /* MMMarkdownTests.octest */;
			productType = "com.apple.product-type.bundle";
		};
		BE813E0614F8961D00EC9469 /* MMMarkdown-iOS */ = {
			isa = PBXNativeTarget;
			buildConfigurationList = BE813E0B14F8961D00EC9469 /* Build configuration list for PBXNativeTarget "MMMarkdown-iOS" */;
			buildPhases = (
				BE813E0714F8961D00EC9469 /* Sources */,
				BE813E0914F8961D00EC9469 /* Frameworks */,
				BE813E0A14F8961D00EC9469 /* Headers */,
			);
			buildRules = (
			);
			dependencies = (
			);
			name = "MMMarkdown-iOS";
			productName = MMMarkdown;
			productReference = BE813E0E14F8961D00EC9469 /* libMMMarkdown-iOS.a */;
			productType = "com.apple.product-type.library.static";
		};
		BE813E1214F92B6100EC9469 /* mmmarkdown */ = {
			isa = PBXNativeTarget;
			buildConfigurationList = BE813E1D14F92B6200EC9469 /* Build configuration list for PBXNativeTarget "mmmarkdown" */;
			buildPhases = (
				BE813E0F14F92B6100EC9469 /* Sources */,
				BE813E1014F92B6100EC9469 /* Frameworks */,
				BE813E1114F92B6100EC9469 /* CopyFiles */,
			);
			buildRules = (
			);
			dependencies = (
			);
			name = mmmarkdown;
			productName = mmmarkdown;
			productReference = BE813E1314F92B6100EC9469 /* mmmarkdown */;
			productType = "com.apple.product-type.tool";
		};
/* End PBXNativeTarget section */

/* Begin PBXProject section */
		BE813DCD14F893EB00EC9469 /* Project object */ = {
			isa = PBXProject;
			attributes = {
				LastUpgradeCheck = 0500;
			};
			buildConfigurationList = BE813DD014F893EB00EC9469 /* Build configuration list for PBXProject "MMMarkdown" */;
			compatibilityVersion = "Xcode 3.2";
			developmentRegion = English;
			hasScannedForEncodings = 0;
			knownRegions = (
				en,
			);
			mainGroup = BE813DCB14F893EB00EC9469;
			productRefGroup = BE813DD714F893EB00EC9469 /* Products */;
			projectDirPath = "";
			projectRoot = "";
			targets = (
				BE813DD514F893EB00EC9469 /* MMMarkdown-Mac */,
				BE813E0614F8961D00EC9469 /* MMMarkdown-iOS */,
				BE813DE914F893EB00EC9469 /* MMMarkdownTests */,
				BE813E1214F92B6100EC9469 /* mmmarkdown */,
			);
		};
/* End PBXProject section */

/* Begin PBXResourcesBuildPhase section */
		BE813DE714F893EB00EC9469 /* Resources */ = {
			isa = PBXResourcesBuildPhase;
			buildActionMask = 2147483647;
			files = (
				BE813DF614F893EB00EC9469 /* InfoPlist.strings in Resources */,
			);
			runOnlyForDeploymentPostprocessing = 0;
		};
/* End PBXResourcesBuildPhase section */

/* Begin PBXShellScriptBuildPhase section */
		BE813DE814F893EB00EC9469 /* ShellScript */ = {
			isa = PBXShellScriptBuildPhase;
			buildActionMask = 2147483647;
			files = (
			);
			inputPaths = (
			);
			outputPaths = (
			);
			runOnlyForDeploymentPostprocessing = 0;
			shellPath = /bin/sh;
			shellScript = "# Run the unit tests in this test bundle.\n\"${SYSTEM_DEVELOPER_DIR}/Tools/RunUnitTests\"\n";
		};
/* End PBXShellScriptBuildPhase section */

/* Begin PBXSourcesBuildPhase section */
		BE813DD214F893EB00EC9469 /* Sources */ = {
			isa = PBXSourcesBuildPhase;
			buildActionMask = 2147483647;
			files = (
				BE813DE414F893EB00EC9469 /* MMMarkdown.m in Sources */,
				BE813E7614F959BC00EC9469 /* MMElement.m in Sources */,
				BE813E7C14F95B2A00EC9469 /* MMParser.m in Sources */,
				BE813E8214F95FD400EC9469 /* MMDocument.m in Sources */,
				BE813E8814F9602500EC9469 /* MMGenerator.m in Sources */,
				BE813E9414FACF0D00EC9469 /* MMScanner.m in Sources */,
				BEF3421E150CEA6D00BFA0E2 /* MMSpanParser.m in Sources */,
				BE6CA532158179670083887C /* MMHTMLParser.m in Sources */,
			);
			runOnlyForDeploymentPostprocessing = 0;
		};
		BE813DE514F893EB00EC9469 /* Sources */ = {
			isa = PBXSourcesBuildPhase;
			buildActionMask = 2147483647;
			files = (
				BE813DF914F893EB00EC9469 /* MMMarkdownTests.m in Sources */,
				BE813E981502E78900EC9469 /* MMTestCase.m in Sources */,
				BE813E9B15031B4000EC9469 /* MMListTests.m in Sources */,
				BE813E9E1503C14300EC9469 /* MMEscapingTests.m in Sources */,
				BE1DB5D51514184000B26092 /* MMSpanTests.m in Sources */,
				BE1DB5DA15143F4200B26092 /* MMBlockTests.m in Sources */,
				BE1DB5DD1515033000B26092 /* MMLinkTests.m in Sources */,
				BEDDD54A1544E42200EA7D65 /* MMHTMLTests.m in Sources */,
				BEAAEB431549DD1700EF1EA0 /* MMImageTests.m in Sources */,
				BEAAEB62154A4A1D00EF1EA0 /* MMErrorTests.m in Sources */,
				BEAAEC2E1554E93800EF1EA0 /* MMPHPMarkdownTests.m in Sources */,
			);
			runOnlyForDeploymentPostprocessing = 0;
		};
		BE813E0714F8961D00EC9469 /* Sources */ = {
			isa = PBXSourcesBuildPhase;
			buildActionMask = 2147483647;
			files = (
				BE813E0814F8961D00EC9469 /* MMMarkdown.m in Sources */,
				BE813E7714F959BC00EC9469 /* MMElement.m in Sources */,
				BE813E7D14F95B2A00EC9469 /* MMParser.m in Sources */,
				BE813E8314F95FD400EC9469 /* MMDocument.m in Sources */,
				BE813E8914F9602500EC9469 /* MMGenerator.m in Sources */,
				BE813E9514FACF0D00EC9469 /* MMScanner.m in Sources */,
				BEF3421F150CEA6D00BFA0E2 /* MMSpanParser.m in Sources */,
				BE6CA533158179670083887C /* MMHTMLParser.m in Sources */,
			);
			runOnlyForDeploymentPostprocessing = 0;
		};
		BE813E0F14F92B6100EC9469 /* Sources */ = {
			isa = PBXSourcesBuildPhase;
			buildActionMask = 2147483647;
			files = (
				BE813E1814F92B6200EC9469 /* main.m in Sources */,
			);
			runOnlyForDeploymentPostprocessing = 0;
		};
/* End PBXSourcesBuildPhase section */

/* Begin PBXTargetDependency section */
		BE813DEF14F893EB00EC9469 /* PBXTargetDependency */ = {
			isa = PBXTargetDependency;
			target = BE813DD514F893EB00EC9469 /* MMMarkdown-Mac */;
			targetProxy = BE813DEE14F893EB00EC9469 /* PBXContainerItemProxy */;
		};
/* End PBXTargetDependency section */

/* Begin PBXVariantGroup section */
		BE813DF414F893EB00EC9469 /* InfoPlist.strings */ = {
			isa = PBXVariantGroup;
			children = (
				BE813DF514F893EB00EC9469 /* en */,
			);
			name = InfoPlist.strings;
			sourceTree = "<group>";
		};
/* End PBXVariantGroup section */

/* Begin XCBuildConfiguration section */
		BE813DFA14F893EB00EC9469 /* Debug */ = {
			isa = XCBuildConfiguration;
			buildSettings = {
				ALWAYS_SEARCH_USER_PATHS = NO;
				CLANG_ENABLE_OBJC_ARC = YES;
				CLANG_WARN_BOOL_CONVERSION = YES;
				CLANG_WARN_CONSTANT_CONVERSION = YES;
				CLANG_WARN_EMPTY_BODY = YES;
				CLANG_WARN_ENUM_CONVERSION = YES;
				CLANG_WARN_INT_CONVERSION = YES;
				CLANG_WARN__DUPLICATE_METHOD_MATCH = YES;
				COPY_PHASE_STRIP = NO;
				GCC_C_LANGUAGE_STANDARD = gnu99;
				GCC_DYNAMIC_NO_PIC = NO;
				GCC_ENABLE_OBJC_EXCEPTIONS = YES;
				GCC_OPTIMIZATION_LEVEL = 0;
				GCC_PREPROCESSOR_DEFINITIONS = (
					"DEBUG=1",
					"$(inherited)",
				);
				GCC_SYMBOLS_PRIVATE_EXTERN = NO;
				GCC_VERSION = com.apple.compilers.llvm.clang.1_0;
				GCC_WARN_64_TO_32_BIT_CONVERSION = YES;
				GCC_WARN_ABOUT_RETURN_TYPE = YES;
				GCC_WARN_UNDECLARED_SELECTOR = YES;
				GCC_WARN_UNINITIALIZED_AUTOS = YES;
				GCC_WARN_UNUSED_FUNCTION = YES;
				GCC_WARN_UNUSED_VARIABLE = YES;
				MACOSX_DEPLOYMENT_TARGET = 10.6;
				ONLY_ACTIVE_ARCH = YES;
				PRIVATE_HEADERS_FOLDER_PATH = "$(PRODUCT_NAME)/private/MMMarkdown";
				PUBLIC_HEADERS_FOLDER_PATH = "$(PRODUCT_NAME)/public/MMMarkdown";
				SDKROOT = macosx;
			};
			name = Debug;
		};
		BE813DFB14F893EB00EC9469 /* Release */ = {
			isa = XCBuildConfiguration;
			buildSettings = {
				ALWAYS_SEARCH_USER_PATHS = NO;
				CLANG_ENABLE_OBJC_ARC = YES;
				CLANG_WARN_BOOL_CONVERSION = YES;
				CLANG_WARN_CONSTANT_CONVERSION = YES;
				CLANG_WARN_EMPTY_BODY = YES;
				CLANG_WARN_ENUM_CONVERSION = YES;
				CLANG_WARN_INT_CONVERSION = YES;
				CLANG_WARN__DUPLICATE_METHOD_MATCH = YES;
				COPY_PHASE_STRIP = YES;
				DEBUG_INFORMATION_FORMAT = "dwarf-with-dsym";
				GCC_C_LANGUAGE_STANDARD = gnu99;
				GCC_ENABLE_OBJC_EXCEPTIONS = YES;
				GCC_VERSION = com.apple.compilers.llvm.clang.1_0;
				GCC_WARN_64_TO_32_BIT_CONVERSION = YES;
				GCC_WARN_ABOUT_RETURN_TYPE = YES;
				GCC_WARN_UNDECLARED_SELECTOR = YES;
				GCC_WARN_UNINITIALIZED_AUTOS = YES;
				GCC_WARN_UNUSED_FUNCTION = YES;
				GCC_WARN_UNUSED_VARIABLE = YES;
				MACOSX_DEPLOYMENT_TARGET = 10.6;
				PRIVATE_HEADERS_FOLDER_PATH = "$(PRODUCT_NAME)/private/MMMarkdown";
				PUBLIC_HEADERS_FOLDER_PATH = "$(PRODUCT_NAME)/public/MMMarkdown";
				SDKROOT = macosx;
			};
			name = Release;
		};
		BE813DFD14F893EB00EC9469 /* Debug */ = {
			isa = XCBuildConfiguration;
			buildSettings = {
				COMBINE_HIDPI_IMAGES = YES;
				GCC_PRECOMPILE_PREFIX_HEADER = YES;
				GCC_PREFIX_HEADER = "Source/MMMarkdown-Prefix.pch";
				PRODUCT_NAME = "$(TARGET_NAME)";
			};
			name = Debug;
		};
		BE813DFE14F893EB00EC9469 /* Release */ = {
			isa = XCBuildConfiguration;
			buildSettings = {
				COMBINE_HIDPI_IMAGES = YES;
				GCC_PRECOMPILE_PREFIX_HEADER = YES;
				GCC_PREFIX_HEADER = "Source/MMMarkdown-Prefix.pch";
				PRODUCT_NAME = "$(TARGET_NAME)";
			};
			name = Release;
		};
		BE813E0014F893EB00EC9469 /* Debug */ = {
			isa = XCBuildConfiguration;
			buildSettings = {
				COMBINE_HIDPI_IMAGES = YES;
				FRAMEWORK_SEARCH_PATHS = "$(DEVELOPER_LIBRARY_DIR)/Frameworks";
				GCC_PRECOMPILE_PREFIX_HEADER = YES;
				GCC_PREFIX_HEADER = "Source/MMMarkdown-Prefix.pch";
				INFOPLIST_FILE = "Tests/MMMarkdownTests-Info.plist";
				PRODUCT_NAME = "$(TARGET_NAME)";
				WRAPPER_EXTENSION = octest;
			};
			name = Debug;
		};
		BE813E0114F893EB00EC9469 /* Release */ = {
			isa = XCBuildConfiguration;
			buildSettings = {
				COMBINE_HIDPI_IMAGES = YES;
				FRAMEWORK_SEARCH_PATHS = "$(DEVELOPER_LIBRARY_DIR)/Frameworks";
				GCC_PRECOMPILE_PREFIX_HEADER = YES;
				GCC_PREFIX_HEADER = "Source/MMMarkdown-Prefix.pch";
				INFOPLIST_FILE = "Tests/MMMarkdownTests-Info.plist";
				PRODUCT_NAME = "$(TARGET_NAME)";
				WRAPPER_EXTENSION = octest;
			};
			name = Release;
		};
		BE813E0C14F8961D00EC9469 /* Debug */ = {
			isa = XCBuildConfiguration;
			buildSettings = {
				GCC_PRECOMPILE_PREFIX_HEADER = YES;
				GCC_PREFIX_HEADER = "Source/MMMarkdown-Prefix.pch";
				IPHONEOS_DEPLOYMENT_TARGET = 5.0;
				ONLY_ACTIVE_ARCH = NO;
				PRODUCT_NAME = "MMMarkdown-iOS";
				SDKROOT = iphoneos;
				SKIP_INSTALL = YES;
			};
			name = Debug;
		};
		BE813E0D14F8961D00EC9469 /* Release */ = {
			isa = XCBuildConfiguration;
			buildSettings = {
				GCC_PRECOMPILE_PREFIX_HEADER = YES;
				GCC_PREFIX_HEADER = "Source/MMMarkdown-Prefix.pch";
				IPHONEOS_DEPLOYMENT_TARGET = 5.0;
				PRODUCT_NAME = "MMMarkdown-iOS";
				SDKROOT = iphoneos;
				SKIP_INSTALL = YES;
			};
			name = Release;
		};
		BE813E1E14F92B6200EC9469 /* Debug */ = {
			isa = XCBuildConfiguration;
			buildSettings = {
				GCC_PRECOMPILE_PREFIX_HEADER = YES;
				GCC_PREFIX_HEADER = "CLI/mmmarkdown-Prefix.pch";
				MACOSX_DEPLOYMENT_TARGET = 10.7;
				PRODUCT_NAME = "$(TARGET_NAME)";
				SDKROOT = macosx;
			};
			name = Debug;
		};
		BE813E1F14F92B6200EC9469 /* Release */ = {
			isa = XCBuildConfiguration;
			buildSettings = {
				GCC_PRECOMPILE_PREFIX_HEADER = YES;
				GCC_PREFIX_HEADER = "CLI/mmmarkdown-Prefix.pch";
				MACOSX_DEPLOYMENT_TARGET = 10.7;
				PRODUCT_NAME = "$(TARGET_NAME)";
				SDKROOT = macosx;
			};
			name = Release;
		};
/* End XCBuildConfiguration section */

/* Begin XCConfigurationList section */
		BE813DD014F893EB00EC9469 /* Build configuration list for PBXProject "MMMarkdown" */ = {
			isa = XCConfigurationList;
			buildConfigurations = (
				BE813DFA14F893EB00EC9469 /* Debug */,
				BE813DFB14F893EB00EC9469 /* Release */,
			);
			defaultConfigurationIsVisible = 0;
			defaultConfigurationName = Release;
		};
		BE813DFC14F893EB00EC9469 /* Build configuration list for PBXNativeTarget "MMMarkdown-Mac" */ = {
			isa = XCConfigurationList;
			buildConfigurations = (
				BE813DFD14F893EB00EC9469 /* Debug */,
				BE813DFE14F893EB00EC9469 /* Release */,
			);
			defaultConfigurationIsVisible = 0;
			defaultConfigurationName = Release;
		};
		BE813DFF14F893EB00EC9469 /* Build configuration list for PBXNativeTarget "MMMarkdownTests" */ = {
			isa = XCConfigurationList;
			buildConfigurations = (
				BE813E0014F893EB00EC9469 /* Debug */,
				BE813E0114F893EB00EC9469 /* Release */,
			);
			defaultConfigurationIsVisible = 0;
			defaultConfigurationName = Release;
		};
		BE813E0B14F8961D00EC9469 /* Build configuration list for PBXNativeTarget "MMMarkdown-iOS" */ = {
			isa = XCConfigurationList;
			buildConfigurations = (
				BE813E0C14F8961D00EC9469 /* Debug */,
				BE813E0D14F8961D00EC9469 /* Release */,
			);
			defaultConfigurationIsVisible = 0;
			defaultConfigurationName = Release;
		};
		BE813E1D14F92B6200EC9469 /* Build configuration list for PBXNativeTarget "mmmarkdown" */ = {
			isa = XCConfigurationList;
			buildConfigurations = (
				BE813E1E14F92B6200EC9469 /* Debug */,
				BE813E1F14F92B6200EC9469 /* Release */,
			);
			defaultConfigurationIsVisible = 0;
			defaultConfigurationName = Release;
		};
/* End XCConfigurationList section */
	};
	rootObject = BE813DCD14F893EB00EC9469 /* Project object */;
}
